// !$*UTF8*$!
{
	archiveVersion = 1;
	classes = {
	};
	objectVersion = 77;
	objects = {

/* Begin PBXContainerItemProxy section */
		DFE90D8B2CA017D000A2F1C4 /* PBXContainerItemProxy */ = {
			isa = PBXContainerItemProxy;
			containerPortal = DFE90D722CA017CF00A2F1C4 /* Project object */;
			proxyType = 1;
			remoteGlobalIDString = DFE90D792CA017CF00A2F1C4;
			remoteInfo = "Day Journal";
		};
		DFE90D952CA017D000A2F1C4 /* PBXContainerItemProxy */ = {
			isa = PBXContainerItemProxy;
			containerPortal = DFE90D722CA017CF00A2F1C4 /* Project object */;
			proxyType = 1;
			remoteGlobalIDString = DFE90D792CA017CF00A2F1C4;
			remoteInfo = "Day Journal";
		};
/* End PBXContainerItemProxy section */

/* Begin PBXFileReference section */
		DFE90D7A2CA017CF00A2F1C4 /* Day Journal.app */ = {isa = PBXFileReference; explicitFileType = wrapper.application; includeInIndex = 0; path = "Day Journal.app"; sourceTree = BUILT_PRODUCTS_DIR; };
		DFE90D8A2CA017D000A2F1C4 /* Day JournalTests.xctest */ = {isa = PBXFileReference; explicitFileType = wrapper.cfbundle; includeInIndex = 0; path = "Day JournalTests.xctest"; sourceTree = BUILT_PRODUCTS_DIR; };
		DFE90D942CA017D000A2F1C4 /* Day JournalUITests.xctest */ = {isa = PBXFileReference; explicitFileType = wrapper.cfbundle; includeInIndex = 0; path = "Day JournalUITests.xctest"; sourceTree = BUILT_PRODUCTS_DIR; };
/* End PBXFileReference section */

/* Begin PBXFileSystemSynchronizedRootGroup section */
		DFE90D7C2CA017CF00A2F1C4 /* Day Journal */ = {
			isa = PBXFileSystemSynchronizedRootGroup;
			path = "Day Journal";
			sourceTree = "<group>";
		};
		DFE90D8D2CA017D000A2F1C4 /* Day JournalTests */ = {
			isa = PBXFileSystemSynchronizedRootGroup;
			path = "Day JournalTests";
			sourceTree = "<group>";
		};
		DFE90D972CA017D000A2F1C4 /* Day JournalUITests */ = {
			isa = PBXFileSystemSynchronizedRootGroup;
			path = "Day JournalUITests";
			sourceTree = "<group>";
		};
/* End PBXFileSystemSynchronizedRootGroup section */

/* Begin PBXFrameworksBuildPhase section */
		DFE90D772CA017CF00A2F1C4 /* Frameworks */ = {
			isa = PBXFrameworksBuildPhase;
			buildActionMask = 2147483647;
			files = (
			);
			runOnlyForDeploymentPostprocessing = 0;
		};
		DFE90D872CA017D000A2F1C4 /* Frameworks */ = {
			isa = PBXFrameworksBuildPhase;
			buildActionMask = 2147483647;
			files = (
			);
			runOnlyForDeploymentPostprocessing = 0;
		};
		DFE90D912CA017D000A2F1C4 /* Frameworks */ = {
			isa = PBXFrameworksBuildPhase;
			buildActionMask = 2147483647;
			files = (
			);
			runOnlyForDeploymentPostprocessing = 0;
		};
/* End PBXFrameworksBuildPhase section */

/* Begin PBXGroup section */
		DFE90D712CA017CF00A2F1C4 = {
			isa = PBXGroup;
			children = (
				DFE90D7C2CA017CF00A2F1C4 /* Day Journal */,
				DFE90D8D2CA017D000A2F1C4 /* Day JournalTests */,
				DFE90D972CA017D000A2F1C4 /* Day JournalUITests */,
				DFE90D7B2CA017CF00A2F1C4 /* Products */,
			);
			sourceTree = "<group>";
		};
		DFE90D7B2CA017CF00A2F1C4 /* Products */ = {
			isa = PBXGroup;
			children = (
				DFE90D7A2CA017CF00A2F1C4 /* Day Journal.app */,
				DFE90D8A2CA017D000A2F1C4 /* Day JournalTests.xctest */,
				DFE90D942CA017D000A2F1C4 /* Day JournalUITests.xctest */,
			);
			name = Products;
			sourceTree = "<group>";
		};
/* End PBXGroup section */

/* Begin PBXNativeTarget section */
		DFE90D792CA017CF00A2F1C4 /* Day Journal */ = {
			isa = PBXNativeTarget;
			buildConfigurationList = DFE90D9E2CA017D000A2F1C4 /* Build configuration list for PBXNativeTarget "Day Journal" */;
			buildPhases = (
				DFE90D762CA017CF00A2F1C4 /* Sources */,
				DFE90D772CA017CF00A2F1C4 /* Frameworks */,
				DFE90D782CA017CF00A2F1C4 /* Resources */,
			);
			buildRules = (
			);
			dependencies = (
			);
			fileSystemSynchronizedGroups = (
				DFE90D7C2CA017CF00A2F1C4 /* Day Journal */,
			);
			name = "Day Journal";
			packageProductDependencies = (
			);
			productName = "Day Journal";
			productReference = DFE90D7A2CA017CF00A2F1C4 /* Day Journal.app */;
			productType = "com.apple.product-type.application";
		};
		DFE90D892CA017D000A2F1C4 /* Day JournalTests */ = {
			isa = PBXNativeTarget;
			buildConfigurationList = DFE90DA12CA017D000A2F1C4 /* Build configuration list for PBXNativeTarget "Day JournalTests" */;
			buildPhases = (
				DFE90D862CA017D000A2F1C4 /* Sources */,
				DFE90D872CA017D000A2F1C4 /* Frameworks */,
				DFE90D882CA017D000A2F1C4 /* Resources */,
			);
			buildRules = (
			);
			dependencies = (
				DFE90D8C2CA017D000A2F1C4 /* PBXTargetDependency */,
			);
			fileSystemSynchronizedGroups = (
				DFE90D8D2CA017D000A2F1C4 /* Day JournalTests */,
			);
			name = "Day JournalTests";
			packageProductDependencies = (
			);
			productName = "Day JournalTests";
			productReference = DFE90D8A2CA017D000A2F1C4 /* Day JournalTests.xctest */;
			productType = "com.apple.product-type.bundle.unit-test";
		};
		DFE90D932CA017D000A2F1C4 /* Day JournalUITests */ = {
			isa = PBXNativeTarget;
			buildConfigurationList = DFE90DA42CA017D000A2F1C4 /* Build configuration list for PBXNativeTarget "Day JournalUITests" */;
			buildPhases = (
				DFE90D902CA017D000A2F1C4 /* Sources */,
				DFE90D912CA017D000A2F1C4 /* Frameworks */,
				DFE90D922CA017D000A2F1C4 /* Resources */,
			);
			buildRules = (
			);
			dependencies = (
				DFE90D962CA017D000A2F1C4 /* PBXTargetDependency */,
			);
			fileSystemSynchronizedGroups = (
				DFE90D972CA017D000A2F1C4 /* Day JournalUITests */,
			);
			name = "Day JournalUITests";
			packageProductDependencies = (
			);
			productName = "Day JournalUITests";
			productReference = DFE90D942CA017D000A2F1C4 /* Day JournalUITests.xctest */;
			productType = "com.apple.product-type.bundle.ui-testing";
		};
/* End PBXNativeTarget section */

/* Begin PBXProject section */
		DFE90D722CA017CF00A2F1C4 /* Project object */ = {
			isa = PBXProject;
			attributes = {
				BuildIndependentTargetsInParallel = 1;
				LastSwiftUpdateCheck = 1600;
				LastUpgradeCheck = 1600;
				TargetAttributes = {
					DFE90D792CA017CF00A2F1C4 = {
						CreatedOnToolsVersion = 16.0;
					};
					DFE90D892CA017D000A2F1C4 = {
						CreatedOnToolsVersion = 16.0;
						TestTargetID = DFE90D792CA017CF00A2F1C4;
					};
					DFE90D932CA017D000A2F1C4 = {
						CreatedOnToolsVersion = 16.0;
						TestTargetID = DFE90D792CA017CF00A2F1C4;
					};
				};
			};
			buildConfigurationList = DFE90D752CA017CF00A2F1C4 /* Build configuration list for PBXProject "Day Journal" */;
			developmentRegion = en;
			hasScannedForEncodings = 0;
			knownRegions = (
				en,
				Base,
			);
			mainGroup = DFE90D712CA017CF00A2F1C4;
			minimizedProjectReferenceProxies = 1;
			preferredProjectObjectVersion = 77;
			productRefGroup = DFE90D7B2CA017CF00A2F1C4 /* Products */;
			projectDirPath = "";
			projectRoot = "";
			targets = (
				DFE90D792CA017CF00A2F1C4 /* Day Journal */,
				DFE90D892CA017D000A2F1C4 /* Day JournalTests */,
				DFE90D932CA017D000A2F1C4 /* Day JournalUITests */,
			);
		};
/* End PBXProject section */

/* Begin PBXResourcesBuildPhase section */
		DFE90D782CA017CF00A2F1C4 /* Resources */ = {
			isa = PBXResourcesBuildPhase;
			buildActionMask = 2147483647;
			files = (
			);
			runOnlyForDeploymentPostprocessing = 0;
		};
		DFE90D882CA017D000A2F1C4 /* Resources */ = {
			isa = PBXResourcesBuildPhase;
			buildActionMask = 2147483647;
			files = (
			);
			runOnlyForDeploymentPostprocessing = 0;
		};
		DFE90D922CA017D000A2F1C4 /* Resources */ = {
			isa = PBXResourcesBuildPhase;
			buildActionMask = 2147483647;
			files = (
			);
			runOnlyForDeploymentPostprocessing = 0;
		};
/* End PBXResourcesBuildPhase section */

/* Begin PBXSourcesBuildPhase section */
		DFE90D762CA017CF00A2F1C4 /* Sources */ = {
			isa = PBXSourcesBuildPhase;
			buildActionMask = 2147483647;
			files = (
			);
			runOnlyForDeploymentPostprocessing = 0;
		};
		DFE90D862CA017D000A2F1C4 /* Sources */ = {
			isa = PBXSourcesBuildPhase;
			buildActionMask = 2147483647;
			files = (
			);
			runOnlyForDeploymentPostprocessing = 0;
		};
		DFE90D902CA017D000A2F1C4 /* Sources */ = {
			isa = PBXSourcesBuildPhase;
			buildActionMask = 2147483647;
			files = (
			);
			runOnlyForDeploymentPostprocessing = 0;
		};
/* End PBXSourcesBuildPhase section */

/* Begin PBXTargetDependency section */
		DFE90D8C2CA017D000A2F1C4 /* PBXTargetDependency */ = {
			isa = PBXTargetDependency;
			target = DFE90D792CA017CF00A2F1C4 /* Day Journal */;
			targetProxy = DFE90D8B2CA017D000A2F1C4 /* PBXContainerItemProxy */;
		};
		DFE90D962CA017D000A2F1C4 /* PBXTargetDependency */ = {
			isa = PBXTargetDependency;
			target = DFE90D792CA017CF00A2F1C4 /* Day Journal */;
			targetProxy = DFE90D952CA017D000A2F1C4 /* PBXContainerItemProxy */;
		};
/* End PBXTargetDependency section */

/* Begin XCBuildConfiguration section */
		DFE90D9C2CA017D000A2F1C4 /* Debug */ = {
			isa = XCBuildConfiguration;
			buildSettings = {
				ALWAYS_SEARCH_USER_PATHS = NO;
				ASSETCATALOG_COMPILER_GENERATE_SWIFT_ASSET_SYMBOL_EXTENSIONS = YES;
				CLANG_ANALYZER_NONNULL = YES;
				CLANG_ANALYZER_NUMBER_OBJECT_CONVERSION = YES_AGGRESSIVE;
				CLANG_CXX_LANGUAGE_STANDARD = "gnu++20";
				CLANG_ENABLE_MODULES = YES;
				CLANG_ENABLE_OBJC_ARC = YES;
				CLANG_ENABLE_OBJC_WEAK = YES;
				CLANG_WARN_BLOCK_CAPTURE_AUTORELEASING = YES;
				CLANG_WARN_BOOL_CONVERSION = YES;
				CLANG_WARN_COMMA = YES;
				CLANG_WARN_CONSTANT_CONVERSION = YES;
				CLANG_WARN_DEPRECATED_OBJC_IMPLEMENTATIONS = YES;
				CLANG_WARN_DIRECT_OBJC_ISA_USAGE = YES_ERROR;
				CLANG_WARN_DOCUMENTATION_COMMENTS = YES;
				CLANG_WARN_EMPTY_BODY = YES;
				CLANG_WARN_ENUM_CONVERSION = YES;
				CLANG_WARN_INFINITE_RECURSION = YES;
				CLANG_WARN_INT_CONVERSION = YES;
				CLANG_WARN_NON_LITERAL_NULL_CONVERSION = YES;
				CLANG_WARN_OBJC_IMPLICIT_RETAIN_SELF = YES;
				CLANG_WARN_OBJC_LITERAL_CONVERSION = YES;
				CLANG_WARN_OBJC_ROOT_CLASS = YES_ERROR;
				CLANG_WARN_QUOTED_INCLUDE_IN_FRAMEWORK_HEADER = YES;
				CLANG_WARN_RANGE_LOOP_ANALYSIS = YES;
				CLANG_WARN_STRICT_PROTOTYPES = YES;
				CLANG_WARN_SUSPICIOUS_MOVE = YES;
				CLANG_WARN_UNGUARDED_AVAILABILITY = YES_AGGRESSIVE;
				CLANG_WARN_UNREACHABLE_CODE = YES;
				CLANG_WARN__DUPLICATE_METHOD_MATCH = YES;
				COPY_PHASE_STRIP = NO;
				DEBUG_INFORMATION_FORMAT = dwarf;
				ENABLE_STRICT_OBJC_MSGSEND = YES;
				ENABLE_TESTABILITY = YES;
				ENABLE_USER_SCRIPT_SANDBOXING = YES;
				GCC_C_LANGUAGE_STANDARD = gnu17;
				GCC_DYNAMIC_NO_PIC = NO;
				GCC_NO_COMMON_BLOCKS = YES;
				GCC_OPTIMIZATION_LEVEL = 0;
				GCC_PREPROCESSOR_DEFINITIONS = (
					"DEBUG=1",
					"$(inherited)",
				);
				GCC_WARN_64_TO_32_BIT_CONVERSION = YES;
				GCC_WARN_ABOUT_RETURN_TYPE = YES_ERROR;
				GCC_WARN_UNDECLARED_SELECTOR = YES;
				GCC_WARN_UNINITIALIZED_AUTOS = YES_AGGRESSIVE;
				GCC_WARN_UNUSED_FUNCTION = YES;
				GCC_WARN_UNUSED_VARIABLE = YES;
				IPHONEOS_DEPLOYMENT_TARGET = 18.0;
				LOCALIZATION_PREFERS_STRING_CATALOGS = YES;
				MTL_ENABLE_DEBUG_INFO = INCLUDE_SOURCE;
				MTL_FAST_MATH = YES;
				ONLY_ACTIVE_ARCH = YES;
				SDKROOT = iphoneos;
				SWIFT_ACTIVE_COMPILATION_CONDITIONS = "DEBUG $(inherited)";
				SWIFT_OPTIMIZATION_LEVEL = "-Onone";
			};
			name = Debug;
		};
		DFE90D9D2CA017D000A2F1C4 /* Release */ = {
			isa = XCBuildConfiguration;
			buildSettings = {
				ALWAYS_SEARCH_USER_PATHS = NO;
				ASSETCATALOG_COMPILER_GENERATE_SWIFT_ASSET_SYMBOL_EXTENSIONS = YES;
				CLANG_ANALYZER_NONNULL = YES;
				CLANG_ANALYZER_NUMBER_OBJECT_CONVERSION = YES_AGGRESSIVE;
				CLANG_CXX_LANGUAGE_STANDARD = "gnu++20";
				CLANG_ENABLE_MODULES = YES;
				CLANG_ENABLE_OBJC_ARC = YES;
				CLANG_ENABLE_OBJC_WEAK = YES;
				CLANG_WARN_BLOCK_CAPTURE_AUTORELEASING = YES;
				CLANG_WARN_BOOL_CONVERSION = YES;
				CLANG_WARN_COMMA = YES;
				CLANG_WARN_CONSTANT_CONVERSION = YES;
				CLANG_WARN_DEPRECATED_OBJC_IMPLEMENTATIONS = YES;
				CLANG_WARN_DIRECT_OBJC_ISA_USAGE = YES_ERROR;
				CLANG_WARN_DOCUMENTATION_COMMENTS = YES;
				CLANG_WARN_EMPTY_BODY = YES;
				CLANG_WARN_ENUM_CONVERSION = YES;
				CLANG_WARN_INFINITE_RECURSION = YES;
				CLANG_WARN_INT_CONVERSION = YES;
				CLANG_WARN_NON_LITERAL_NULL_CONVERSION = YES;
				CLANG_WARN_OBJC_IMPLICIT_RETAIN_SELF = YES;
				CLANG_WARN_OBJC_LITERAL_CONVERSION = YES;
				CLANG_WARN_OBJC_ROOT_CLASS = YES_ERROR;
				CLANG_WARN_QUOTED_INCLUDE_IN_FRAMEWORK_HEADER = YES;
				CLANG_WARN_RANGE_LOOP_ANALYSIS = YES;
				CLANG_WARN_STRICT_PROTOTYPES = YES;
				CLANG_WARN_SUSPICIOUS_MOVE = YES;
				CLANG_WARN_UNGUARDED_AVAILABILITY = YES_AGGRESSIVE;
				CLANG_WARN_UNREACHABLE_CODE = YES;
				CLANG_WARN__DUPLICATE_METHOD_MATCH = YES;
				COPY_PHASE_STRIP = NO;
				DEBUG_INFORMATION_FORMAT = "dwarf-with-dsym";
				ENABLE_NS_ASSERTIONS = NO;
				ENABLE_STRICT_OBJC_MSGSEND = YES;
				ENABLE_USER_SCRIPT_SANDBOXING = YES;
				GCC_C_LANGUAGE_STANDARD = gnu17;
				GCC_NO_COMMON_BLOCKS = YES;
				GCC_WARN_64_TO_32_BIT_CONVERSION = YES;
				GCC_WARN_ABOUT_RETURN_TYPE = YES_ERROR;
				GCC_WARN_UNDECLARED_SELECTOR = YES;
				GCC_WARN_UNINITIALIZED_AUTOS = YES_AGGRESSIVE;
				GCC_WARN_UNUSED_FUNCTION = YES;
				GCC_WARN_UNUSED_VARIABLE = YES;
				IPHONEOS_DEPLOYMENT_TARGET = 18.0;
				LOCALIZATION_PREFERS_STRING_CATALOGS = YES;
				MTL_ENABLE_DEBUG_INFO = NO;
				MTL_FAST_MATH = YES;
				SDKROOT = iphoneos;
				SWIFT_COMPILATION_MODE = wholemodule;
				VALIDATE_PRODUCT = YES;
			};
			name = Release;
		};
		DFE90D9F2CA017D000A2F1C4 /* Debug */ = {
			isa = XCBuildConfiguration;
			buildSettings = {
				ASSETCATALOG_COMPILER_APPICON_NAME = AppIcon;
				ASSETCATALOG_COMPILER_GLOBAL_ACCENT_COLOR_NAME = AccentColor;
				CODE_SIGN_STYLE = Automatic;
				CURRENT_PROJECT_VERSION = 1;
				DEVELOPMENT_ASSET_PATHS = "\"Day Journal/Preview Content\"";
				DEVELOPMENT_TEAM = XR3N6CDJ3Y;
				ENABLE_PREVIEWS = YES;
				GENERATE_INFOPLIST_FILE = YES;
				INFOPLIST_KEY_UIApplicationSceneManifest_Generation = YES;
				INFOPLIST_KEY_UIApplicationSupportsIndirectInputEvents = YES;
				INFOPLIST_KEY_UILaunchScreen_Generation = YES;
				INFOPLIST_KEY_UISupportedInterfaceOrientations_iPad = "UIInterfaceOrientationPortrait UIInterfaceOrientationPortraitUpsideDown UIInterfaceOrientationLandscapeLeft UIInterfaceOrientationLandscapeRight";
				INFOPLIST_KEY_UISupportedInterfaceOrientations_iPhone = "UIInterfaceOrientationPortrait UIInterfaceOrientationLandscapeLeft UIInterfaceOrientationLandscapeRight";
				LD_RUNPATH_SEARCH_PATHS = (
					"$(inherited)",
					"@executable_path/Frameworks",
				);
				MARKETING_VERSION = 1.0;
				PRODUCT_BUNDLE_IDENTIFIER = com.arpegius2008;
				PRODUCT_NAME = "$(TARGET_NAME)";
				SWIFT_EMIT_LOC_STRINGS = YES;
				SWIFT_VERSION = 5.0;
				TARGETED_DEVICE_FAMILY = "1,2";
			};
			name = Debug;
		};
		DFE90DA02CA017D000A2F1C4 /* Release */ = {
			isa = XCBuildConfiguration;
			buildSettings = {
				ASSETCATALOG_COMPILER_APPICON_NAME = AppIcon;
				ASSETCATALOG_COMPILER_GLOBAL_ACCENT_COLOR_NAME = AccentColor;
				CODE_SIGN_STYLE = Automatic;
				CURRENT_PROJECT_VERSION = 1;
				DEVELOPMENT_ASSET_PATHS = "\"Day Journal/Preview Content\"";
				DEVELOPMENT_TEAM = XR3N6CDJ3Y;
				ENABLE_PREVIEWS = YES;
				GENERATE_INFOPLIST_FILE = YES;
				INFOPLIST_KEY_UIApplicationSceneManifest_Generation = YES;
				INFOPLIST_KEY_UIApplicationSupportsIndirectInputEvents = YES;
				INFOPLIST_KEY_UILaunchScreen_Generation = YES;
				INFOPLIST_KEY_UISupportedInterfaceOrientations_iPad = "UIInterfaceOrientationPortrait UIInterfaceOrientationPortraitUpsideDown UIInterfaceOrientationLandscapeLeft UIInterfaceOrientationLandscapeRight";
				INFOPLIST_KEY_UISupportedInterfaceOrientations_iPhone = "UIInterfaceOrientationPortrait UIInterfaceOrientationLandscapeLeft UIInterfaceOrientationLandscapeRight";
				LD_RUNPATH_SEARCH_PATHS = (
					"$(inherited)",
					"@executable_path/Frameworks",
				);
				MARKETING_VERSION = 1.0;
				PRODUCT_BUNDLE_IDENTIFIER = com.arpegius2008;
				PRODUCT_NAME = "$(TARGET_NAME)";
				SWIFT_EMIT_LOC_STRINGS = YES;
				SWIFT_VERSION = 5.0;
				TARGETED_DEVICE_FAMILY = "1,2";
			};
			name = Release;
		};
		DFE90DA22CA017D000A2F1C4 /* Debug */ = {
			isa = XCBuildConfiguration;
			buildSettings = {
				BUNDLE_LOADER = "$(TEST_HOST)";
				CODE_SIGN_STYLE = Automatic;
				CURRENT_PROJECT_VERSION = 1;
				DEVELOPMENT_TEAM = XR3N6CDJ3Y;
				GENERATE_INFOPLIST_FILE = YES;
				IPHONEOS_DEPLOYMENT_TARGET = 18.0;
				MARKETING_VERSION = 1.0;
				PRODUCT_BUNDLE_IDENTIFIER = "com.eduswift.Day-JournalTests";
				PRODUCT_NAME = "$(TARGET_NAME)";
				SWIFT_EMIT_LOC_STRINGS = NO;
				SWIFT_VERSION = 5.0;
				TARGETED_DEVICE_FAMILY = "1,2";
				TEST_HOST = "$(BUILT_PRODUCTS_DIR)/Day Journal.app/$(BUNDLE_EXECUTABLE_FOLDER_PATH)/Day Journal";
			};
			name = Debug;
		};
		DFE90DA32CA017D000A2F1C4 /* Release */ = {
			isa = XCBuildConfiguration;
			buildSettings = {
				BUNDLE_LOADER = "$(TEST_HOST)";
				CODE_SIGN_STYLE = Automatic;
				CURRENT_PROJECT_VERSION = 1;
				DEVELOPMENT_TEAM = XR3N6CDJ3Y;
				GENERATE_INFOPLIST_FILE = YES;
				IPHONEOS_DEPLOYMENT_TARGET = 18.0;
				MARKETING_VERSION = 1.0;
				PRODUCT_BUNDLE_IDENTIFIER = "com.eduswift.Day-JournalTests";
				PRODUCT_NAME = "$(TARGET_NAME)";
				SWIFT_EMIT_LOC_STRINGS = NO;
				SWIFT_VERSION = 5.0;
				TARGETED_DEVICE_FAMILY = "1,2";
				TEST_HOST = "$(BUILT_PRODUCTS_DIR)/Day Journal.app/$(BUNDLE_EXECUTABLE_FOLDER_PATH)/Day Journal";
			};
			name = Release;
		};
		DFE90DA52CA017D000A2F1C4 /* Debug */ = {
			isa = XCBuildConfiguration;
			buildSettings = {
				CODE_SIGN_STYLE = Automatic;
				CURRENT_PROJECT_VERSION = 1;
				DEVELOPMENT_TEAM = XR3N6CDJ3Y;
				GENERATE_INFOPLIST_FILE = YES;
				MARKETING_VERSION = 1.0;
				PRODUCT_BUNDLE_IDENTIFIER = "com.eduswift.Day-JournalUITests";
				PRODUCT_NAME = "$(TARGET_NAME)";
				SWIFT_EMIT_LOC_STRINGS = NO;
				SWIFT_VERSION = 5.0;
				TARGETED_DEVICE_FAMILY = "1,2";
				TEST_TARGET_NAME = "Day Journal";
			};
			name = Debug;
		};
		DFE90DA62CA017D000A2F1C4 /* Release */ = {
			isa = XCBuildConfiguration;
			buildSettings = {
				CODE_SIGN_STYLE = Automatic;
				CURRENT_PROJECT_VERSION = 1;
				DEVELOPMENT_TEAM = XR3N6CDJ3Y;
				GENERATE_INFOPLIST_FILE = YES;
				MARKETING_VERSION = 1.0;
				PRODUCT_BUNDLE_IDENTIFIER = "com.eduswift.Day-JournalUITests";
				PRODUCT_NAME = "$(TARGET_NAME)";
				SWIFT_EMIT_LOC_STRINGS = NO;
				SWIFT_VERSION = 5.0;
				TARGETED_DEVICE_FAMILY = "1,2";
				TEST_TARGET_NAME = "Day Journal";
			};
			name = Release;
		};
/* End XCBuildConfiguration section */

/* Begin XCConfigurationList section */
		DFE90D752CA017CF00A2F1C4 /* Build configuration list for PBXProject "Day Journal" */ = {
			isa = XCConfigurationList;
			buildConfigurations = (
				DFE90D9C2CA017D000A2F1C4 /* Debug */,
				DFE90D9D2CA017D000A2F1C4 /* Release */,
			);
			defaultConfigurationIsVisible = 0;
			defaultConfigurationName = Release;
		};
		DFE90D9E2CA017D000A2F1C4 /* Build configuration list for PBXNativeTarget "Day Journal" */ = {
			isa = XCConfigurationList;
			buildConfigurations = (
				DFE90D9F2CA017D000A2F1C4 /* Debug */,
				DFE90DA02CA017D000A2F1C4 /* Release */,
			);
			defaultConfigurationIsVisible = 0;
			defaultConfigurationName = Release;
		};
		DFE90DA12CA017D000A2F1C4 /* Build configuration list for PBXNativeTarget "Day JournalTests" */ = {
			isa = XCConfigurationList;
			buildConfigurations = (
				DFE90DA22CA017D000A2F1C4 /* Debug */,
				DFE90DA32CA017D000A2F1C4 /* Release */,
			);
			defaultConfigurationIsVisible = 0;
			defaultConfigurationName = Release;
		};
		DFE90DA42CA017D000A2F1C4 /* Build configuration list for PBXNativeTarget "Day JournalUITests" */ = {
			isa = XCConfigurationList;
			buildConfigurations = (
				DFE90DA52CA017D000A2F1C4 /* Debug */,
				DFE90DA62CA017D000A2F1C4 /* Release */,
			);
			defaultConfigurationIsVisible = 0;
			defaultConfigurationName = Release;
		};
/* End XCConfigurationList section */
	};
	rootObject = DFE90D722CA017CF00A2F1C4 /* Project object */;
}
